
Microsoft Visual Studio Solution File, Format Version 12.00
# Visual Studio Version 16
VisualStudioVersion = 16.0.30413.136
MinimumVisualStudioVersion = 10.0.40219.1
Project("{9A19103F-16F7-4668-BE54-9A1E7A4F7556}") = "Nazim.UI.Automation", "Nazim.UI.Automation\Nazim.UI.Automation.csproj", "{9235003D-C011-40B0-81B3-7D4AB1B25D07}"
EndProject
Project("{9A19103F-16F7-4668-BE54-9A1E7A4F7556}") = "Nazim.Api.Automation", "Nazim.Api.Automation\Nazim.Api.Automation.csproj", "{96E5E314-1AAD-4A76-838E-EAB48F6F2210}"
EndProject
Project("{2150E333-8FDC-42A3-9474-1A3956D46DE8}") = "Solution Items", "Solution Items", "{ECB98040-86B5-4A3C-ACAE-75BAE15105A5}"
	ProjectSection(SolutionItems) = preProject
		SIT1.runsettings = SIT1.runsettings
		SIT2.runsettings = SIT2.runsettings
	EndProjectSection
EndProject
Global
	GlobalSection(SolutionConfigurationPlatforms) = preSolution
		Debug|Any CPU = Debug|Any CPU
		Release|Any CPU = Release|Any CPU
	EndGlobalSection
	GlobalSection(ProjectConfigurationPlatforms) = postSolution
		{9235003D-C011-40B0-81B3-7D4AB1B25D07}.Debug|Any CPU.ActiveCfg = Debug|Any CPU
		{9235003D-C011-40B0-81B3-7D4AB1B25D07}.Debug|Any CPU.Build.0 = Debug|Any CPU
		{9235003D-C011-40B0-81B3-7D4AB1B25D07}.Release|Any CPU.ActiveCfg = Release|Any CPU
		{9235003D-C011-40B0-81B3-7D4AB1B25D07}.Release|Any CPU.Build.0 = Release|Any CPU
		{96E5E314-1AAD-4A76-838E-EAB48F6F2210}.Debug|Any CPU.ActiveCfg = Debug|Any CPU
		{96E5E314-1AAD-4A76-838E-EAB48F6F2210}.Debug|Any CPU.Build.0 = Debug|Any CPU
		{96E5E314-1AAD-4A76-838E-EAB48F6F2210}.Release|Any CPU.ActiveCfg = Release|Any CPU
		{96E5E314-1AAD-4A76-838E-EAB48F6F2210}.Release|Any CPU.Build.0 = Release|Any CPU
	EndGlobalSection
	GlobalSection(SolutionProperties) = preSolution
		HideSolutionNode = FALSE
	EndGlobalSection
	GlobalSection(ExtensibilityGlobals) = postSolution
		SolutionGuid = {E80525A1-1FCB-44A8-99A3-FE48A09CD2F6}
	EndGlobalSection
EndGlobal
